
Microsoft Visual Studio Solution File, Format Version 12.00
# Visual Studio Version 17
VisualStudioVersion = 17.3.32825.248
MinimumVisualStudioVersion = 10.0.40219.1
Project("{FAE04EC0-301F-11D3-BF4B-00C04F79EFBC}") = "Тест на скоропечатание", "Тест на скоропечатание\Тест на скоропечатание.csproj", "{2B56A01F-4242-4892-ABAD-BE83684ACB2D}"
EndProject
Global
	GlobalSection(SolutionConfigurationPlatforms) = preSolution
		Debug|Any CPU = Debug|Any CPU
		Release|Any CPU = Release|Any CPU
	EndGlobalSection
	GlobalSection(ProjectConfigurationPlatforms) = postSolution
		{2B56A01F-4242-4892-ABAD-BE83684ACB2D}.Debug|Any CPU.ActiveCfg = Debug|Any CPU
		{2B56A01F-4242-4892-ABAD-BE83684ACB2D}.Debug|Any CPU.Build.0 = Debug|Any CPU
		{2B56A01F-4242-4892-ABAD-BE83684ACB2D}.Release|Any CPU.ActiveCfg = Release|Any CPU
		{2B56A01F-4242-4892-ABAD-BE83684ACB2D}.Release|Any CPU.Build.0 = Release|Any CPU
	EndGlobalSection
	GlobalSection(SolutionProperties) = preSolution
		HideSolutionNode = FALSE
	EndGlobalSection
	GlobalSection(ExtensibilityGlobals) = postSolution
		SolutionGuid = {F8521F31-20C4-4DEC-B4FE-010F2F644A6A}
	EndGlobalSection
EndGlobal
